
Microsoft Visual Studio Solution File, Format Version 12.00
# Visual Studio 14
VisualStudioVersion = 14.0.25420.1
MinimumVisualStudioVersion = 10.0.40219.1
Project("{FAE04EC0-301F-11D3-BF4B-00C04F79EFBC}") = "Ejercicio_1", "Ejercicio_1\Ejercicio_1.csproj", "{F67B15CA-B714-41CE-B30A-5E0753664890}"
EndProject
Project("{FAE04EC0-301F-11D3-BF4B-00C04F79EFBC}") = "Ejercicio_3", "Ejercicio_3\Ejercicio_3.csproj", "{33BC923A-F076-4FCF-B943-0C1329AB1F73}"
EndProject
Project("{FAE04EC0-301F-11D3-BF4B-00C04F79EFBC}") = "Ejercicio_4", "Ejercicio_4\Ejercicio_4.csproj", "{B084D1CA-001B-49D1-9D23-A13C82386D49}"
EndProject
Project("{FAE04EC0-301F-11D3-BF4B-00C04F79EFBC}") = "Ejercicio_5", "Ejercicio_5\Ejercicio_5.csproj", "{B2600C2F-4EE6-4F17-B5DC-1A11A9942E6F}"
EndProject
Global
	GlobalSection(SolutionConfigurationPlatforms) = preSolution
		Debug|Any CPU = Debug|Any CPU
		Release|Any CPU = Release|Any CPU
	EndGlobalSection
	GlobalSection(ProjectConfigurationPlatforms) = postSolution
		{F67B15CA-B714-41CE-B30A-5E0753664890}.Debug|Any CPU.ActiveCfg = Debug|Any CPU
		{F67B15CA-B714-41CE-B30A-5E0753664890}.Debug|Any CPU.Build.0 = Debug|Any CPU
		{F67B15CA-B714-41CE-B30A-5E0753664890}.Release|Any CPU.ActiveCfg = Release|Any CPU
		{F67B15CA-B714-41CE-B30A-5E0753664890}.Release|Any CPU.Build.0 = Release|Any CPU
		{33BC923A-F076-4FCF-B943-0C1329AB1F73}.Debug|Any CPU.ActiveCfg = Debug|Any CPU
		{33BC923A-F076-4FCF-B943-0C1329AB1F73}.Debug|Any CPU.Build.0 = Debug|Any CPU
		{33BC923A-F076-4FCF-B943-0C1329AB1F73}.Release|Any CPU.ActiveCfg = Release|Any CPU
		{33BC923A-F076-4FCF-B943-0C1329AB1F73}.Release|Any CPU.Build.0 = Release|Any CPU
		{B084D1CA-001B-49D1-9D23-A13C82386D49}.Debug|Any CPU.ActiveCfg = Debug|Any CPU
		{B084D1CA-001B-49D1-9D23-A13C82386D49}.Debug|Any CPU.Build.0 = Debug|Any CPU
		{B084D1CA-001B-49D1-9D23-A13C82386D49}.Release|Any CPU.ActiveCfg = Release|Any CPU
		{B084D1CA-001B-49D1-9D23-A13C82386D49}.Release|Any CPU.Build.0 = Release|Any CPU
		{B2600C2F-4EE6-4F17-B5DC-1A11A9942E6F}.Debug|Any CPU.ActiveCfg = Debug|Any CPU
		{B2600C2F-4EE6-4F17-B5DC-1A11A9942E6F}.Debug|Any CPU.Build.0 = Debug|Any CPU
		{B2600C2F-4EE6-4F17-B5DC-1A11A9942E6F}.Release|Any CPU.ActiveCfg = Release|Any CPU
		{B2600C2F-4EE6-4F17-B5DC-1A11A9942E6F}.Release|Any CPU.Build.0 = Release|Any CPU
	EndGlobalSection
	GlobalSection(SolutionProperties) = preSolution
		HideSolutionNode = FALSE
	EndGlobalSection
EndGlobal
